
Microsoft Visual Studio Solution File, Format Version 12.00
# Visual Studio Version 17
VisualStudioVersion = 17.2.32630.192
MinimumVisualStudioVersion = 10.0.40219.1
Project("{FAE04EC0-301F-11D3-BF4B-00C04F79EFBC}") = "FindingExitInMaze", "FindingExitInMaze.csproj", "{A730B0EC-8DD1-452C-A9DB-A11D639AEFCC}"
EndProject
Global
	GlobalSection(SolutionConfigurationPlatforms) = preSolution
		Debug|Any CPU = Debug|Any CPU
		Release|Any CPU = Release|Any CPU
	EndGlobalSection
	GlobalSection(ProjectConfigurationPlatforms) = postSolution
		{A730B0EC-8DD1-452C-A9DB-A11D639AEFCC}.Debug|Any CPU.ActiveCfg = Debug|Any CPU
		{A730B0EC-8DD1-452C-A9DB-A11D639AEFCC}.Debug|Any CPU.Build.0 = Debug|Any CPU
		{A730B0EC-8DD1-452C-A9DB-A11D639AEFCC}.Release|Any CPU.ActiveCfg = Release|Any CPU
		{A730B0EC-8DD1-452C-A9DB-A11D639AEFCC}.Release|Any CPU.Build.0 = Release|Any CPU
	EndGlobalSection
	GlobalSection(SolutionProperties) = preSolution
		HideSolutionNode = FALSE
	EndGlobalSection
	GlobalSection(ExtensibilityGlobals) = postSolution
		SolutionGuid = {FE30F509-9A28-4518-97A5-32A2DAB46E5D}
	EndGlobalSection
EndGlobal
