
Microsoft Visual Studio Solution File, Format Version 12.00
# Visual Studio Version 17
VisualStudioVersion = 17.8.34525.116
MinimumVisualStudioVersion = 10.0.40219.1
Project("{FAE04EC0-301F-11D3-BF4B-00C04F79EFBC}") = "Bipartite", "Bipartite.csproj", "{DF5EE478-6E99-4E08-A937-BE76D435A573}"
EndProject
Global
	GlobalSection(SolutionConfigurationPlatforms) = preSolution
		Debug|Any CPU = Debug|Any CPU
		Release|Any CPU = Release|Any CPU
	EndGlobalSection
	GlobalSection(ProjectConfigurationPlatforms) = postSolution
		{DF5EE478-6E99-4E08-A937-BE76D435A573}.Debug|Any CPU.ActiveCfg = Debug|Any CPU
		{DF5EE478-6E99-4E08-A937-BE76D435A573}.Debug|Any CPU.Build.0 = Debug|Any CPU
		{DF5EE478-6E99-4E08-A937-BE76D435A573}.Release|Any CPU.ActiveCfg = Release|Any CPU
		{DF5EE478-6E99-4E08-A937-BE76D435A573}.Release|Any CPU.Build.0 = Release|Any CPU
	EndGlobalSection
	GlobalSection(SolutionProperties) = preSolution
		HideSolutionNode = FALSE
	EndGlobalSection
	GlobalSection(ExtensibilityGlobals) = postSolution
		SolutionGuid = {39937C9C-4258-43BC-A3BB-347D30E70E85}
	EndGlobalSection
EndGlobal
