
Microsoft Visual Studio Solution File, Format Version 12.00
# Visual Studio Version 17
VisualStudioVersion = 17.8.34525.116
MinimumVisualStudioVersion = 10.0.40219.1
Project("{FAE04EC0-301F-11D3-BF4B-00C04F79EFBC}") = "ShortestPathBellmanFord", "ShortestPathBellmanFord.csproj", "{B3B9B5D0-63CD-4B14-885C-D4232D506046}"
EndProject
Global
	GlobalSection(SolutionConfigurationPlatforms) = preSolution
		Debug|Any CPU = Debug|Any CPU
		Release|Any CPU = Release|Any CPU
	EndGlobalSection
	GlobalSection(ProjectConfigurationPlatforms) = postSolution
		{B3B9B5D0-63CD-4B14-885C-D4232D506046}.Debug|Any CPU.ActiveCfg = Debug|Any CPU
		{B3B9B5D0-63CD-4B14-885C-D4232D506046}.Debug|Any CPU.Build.0 = Debug|Any CPU
		{B3B9B5D0-63CD-4B14-885C-D4232D506046}.Release|Any CPU.ActiveCfg = Release|Any CPU
		{B3B9B5D0-63CD-4B14-885C-D4232D506046}.Release|Any CPU.Build.0 = Release|Any CPU
	EndGlobalSection
	GlobalSection(SolutionProperties) = preSolution
		HideSolutionNode = FALSE
	EndGlobalSection
	GlobalSection(ExtensibilityGlobals) = postSolution
		SolutionGuid = {A335AAC8-B92A-415F-B468-B8EF8847D771}
	EndGlobalSection
EndGlobal
