
Microsoft Visual Studio Solution File, Format Version 12.00
# Visual Studio Version 17
VisualStudioVersion = 17.2.32630.192
MinimumVisualStudioVersion = 10.0.40219.1
Project("{FAE04EC0-301F-11D3-BF4B-00C04F79EFBC}") = "StackWithMax", "StackWithMax.csproj", "{F650BD67-DB28-42E3-B4B4-1DDE178EA860}"
EndProject
Global
	GlobalSection(SolutionConfigurationPlatforms) = preSolution
		Debug|Any CPU = Debug|Any CPU
		Release|Any CPU = Release|Any CPU
	EndGlobalSection
	GlobalSection(ProjectConfigurationPlatforms) = postSolution
		{F650BD67-DB28-42E3-B4B4-1DDE178EA860}.Debug|Any CPU.ActiveCfg = Debug|Any CPU
		{F650BD67-DB28-42E3-B4B4-1DDE178EA860}.Debug|Any CPU.Build.0 = Debug|Any CPU
		{F650BD67-DB28-42E3-B4B4-1DDE178EA860}.Release|Any CPU.ActiveCfg = Release|Any CPU
		{F650BD67-DB28-42E3-B4B4-1DDE178EA860}.Release|Any CPU.Build.0 = Release|Any CPU
	EndGlobalSection
	GlobalSection(SolutionProperties) = preSolution
		HideSolutionNode = FALSE
	EndGlobalSection
	GlobalSection(ExtensibilityGlobals) = postSolution
		SolutionGuid = {191CD828-92B2-403C-8A6F-6B8A8ED11459}
	EndGlobalSection
EndGlobal
