
Microsoft Visual Studio Solution File, Format Version 12.00
# Visual Studio Version 17
VisualStudioVersion = 17.2.32630.192
MinimumVisualStudioVersion = 10.0.40219.1
Project("{FAE04EC0-301F-11D3-BF4B-00C04F79EFBC}") = "AddingExitsToMaze", "AddingExitsToMaze.csproj", "{6C431E45-9BDC-4901-8F55-A4FC6EF9816C}"
EndProject
Global
	GlobalSection(SolutionConfigurationPlatforms) = preSolution
		Debug|Any CPU = Debug|Any CPU
		Release|Any CPU = Release|Any CPU
	EndGlobalSection
	GlobalSection(ProjectConfigurationPlatforms) = postSolution
		{6C431E45-9BDC-4901-8F55-A4FC6EF9816C}.Debug|Any CPU.ActiveCfg = Debug|Any CPU
		{6C431E45-9BDC-4901-8F55-A4FC6EF9816C}.Debug|Any CPU.Build.0 = Debug|Any CPU
		{6C431E45-9BDC-4901-8F55-A4FC6EF9816C}.Release|Any CPU.ActiveCfg = Release|Any CPU
		{6C431E45-9BDC-4901-8F55-A4FC6EF9816C}.Release|Any CPU.Build.0 = Release|Any CPU
	EndGlobalSection
	GlobalSection(SolutionProperties) = preSolution
		HideSolutionNode = FALSE
	EndGlobalSection
	GlobalSection(ExtensibilityGlobals) = postSolution
		SolutionGuid = {6D8535C1-E30F-4B08-9C51-855186964670}
	EndGlobalSection
EndGlobal
