
Microsoft Visual Studio Solution File, Format Version 12.00
# Visual Studio Version 16
VisualStudioVersion = 16.0.30804.86
MinimumVisualStudioVersion = 10.0.40219.1
Project("{9A19103F-16F7-4668-BE54-9A1E7A4F7556}") = "MergeSort", "MergeSort.csproj", "{EC5FFBEF-924C-4241-933E-44E0008497DF}"
EndProject
Global
	GlobalSection(SolutionConfigurationPlatforms) = preSolution
		Debug|Any CPU = Debug|Any CPU
		Release|Any CPU = Release|Any CPU
	EndGlobalSection
	GlobalSection(ProjectConfigurationPlatforms) = postSolution
		{EC5FFBEF-924C-4241-933E-44E0008497DF}.Debug|Any CPU.ActiveCfg = Debug|Any CPU
		{EC5FFBEF-924C-4241-933E-44E0008497DF}.Debug|Any CPU.Build.0 = Debug|Any CPU
		{EC5FFBEF-924C-4241-933E-44E0008497DF}.Release|Any CPU.ActiveCfg = Release|Any CPU
		{EC5FFBEF-924C-4241-933E-44E0008497DF}.Release|Any CPU.Build.0 = Release|Any CPU
	EndGlobalSection
	GlobalSection(SolutionProperties) = preSolution
		HideSolutionNode = FALSE
	EndGlobalSection
	GlobalSection(ExtensibilityGlobals) = postSolution
		SolutionGuid = {A1519ADF-AC65-48A1-9EA4-0AD690325CA0}
	EndGlobalSection
EndGlobal
