
Microsoft Visual Studio Solution File, Format Version 12.00
# Visual Studio Version 17
VisualStudioVersion = 17.2.32630.192
MinimumVisualStudioVersion = 10.0.40219.1
Project("{FAE04EC0-301F-11D3-BF4B-00C04F79EFBC}") = "DisjointedSets", "DisjointedSets.csproj", "{C57A8B73-536C-4C55-B2E7-6EFE2BA858AB}"
EndProject
Global
	GlobalSection(SolutionConfigurationPlatforms) = preSolution
		Debug|Any CPU = Debug|Any CPU
		Release|Any CPU = Release|Any CPU
	EndGlobalSection
	GlobalSection(ProjectConfigurationPlatforms) = postSolution
		{C57A8B73-536C-4C55-B2E7-6EFE2BA858AB}.Debug|Any CPU.ActiveCfg = Debug|Any CPU
		{C57A8B73-536C-4C55-B2E7-6EFE2BA858AB}.Debug|Any CPU.Build.0 = Debug|Any CPU
		{C57A8B73-536C-4C55-B2E7-6EFE2BA858AB}.Release|Any CPU.ActiveCfg = Release|Any CPU
		{C57A8B73-536C-4C55-B2E7-6EFE2BA858AB}.Release|Any CPU.Build.0 = Release|Any CPU
	EndGlobalSection
	GlobalSection(SolutionProperties) = preSolution
		HideSolutionNode = FALSE
	EndGlobalSection
	GlobalSection(ExtensibilityGlobals) = postSolution
		SolutionGuid = {58DD59A2-C325-4EBC-946E-705F9B2E4B28}
	EndGlobalSection
EndGlobal
