
Microsoft Visual Studio Solution File, Format Version 12.00
# Visual Studio Version 17
VisualStudioVersion = 17.2.32630.192
MinimumVisualStudioVersion = 10.0.40219.1
Project("{FAE04EC0-301F-11D3-BF4B-00C04F79EFBC}") = "BracketsInCode", "BracketsInCode.csproj", "{B18D8B99-E795-4536-9C2D-A59865CC53B3}"
EndProject
Global
	GlobalSection(SolutionConfigurationPlatforms) = preSolution
		Debug|Any CPU = Debug|Any CPU
		Release|Any CPU = Release|Any CPU
	EndGlobalSection
	GlobalSection(ProjectConfigurationPlatforms) = postSolution
		{B18D8B99-E795-4536-9C2D-A59865CC53B3}.Debug|Any CPU.ActiveCfg = Debug|Any CPU
		{B18D8B99-E795-4536-9C2D-A59865CC53B3}.Debug|Any CPU.Build.0 = Debug|Any CPU
		{B18D8B99-E795-4536-9C2D-A59865CC53B3}.Release|Any CPU.ActiveCfg = Release|Any CPU
		{B18D8B99-E795-4536-9C2D-A59865CC53B3}.Release|Any CPU.Build.0 = Release|Any CPU
	EndGlobalSection
	GlobalSection(SolutionProperties) = preSolution
		HideSolutionNode = FALSE
	EndGlobalSection
	GlobalSection(ExtensibilityGlobals) = postSolution
		SolutionGuid = {9835041F-7FA5-44E6-9252-E4F682A40372}
	EndGlobalSection
EndGlobal
